schema: '2.0'
stages:
  train:
    cmd: python src/train.py
    deps:
    - path: data/fashion-mnist/fashion-mnist_test.csv
      hash: md5
      md5: 64ec16a6b73b3514634d529a71dd8306
      size: 22176691
    - path: data/fashion-mnist/fashion-mnist_train.csv
      hash: md5
      md5: 976229da8a00a3ccf41b8009e4e48d77
      size: 133047193
    - path: src/train.py
      hash: md5
      md5: 787a5cad3eeaa9152338f994d3c25f10
      size: 2559
    outs:
    - path: models/fashion_classifier.keras
      hash: md5
      md5: 532408768eb1f41ef7aad7ced7c1683b
      size: 6455248
  evaluate:
    cmd: python src/evaluate.py
    deps:
    - path: data/fashion-mnist/fashion-mnist_test.csv
      hash: md5
      md5: 64ec16a6b73b3514634d529a71dd8306
      size: 22176691
    - path: models/cnn_model.keras
      hash: md5
      md5: 09eb242fcd04d542eff99574bcffba22
      size: 2196491
    - path: models/fashion_classifier.keras
      hash: md5
      md5: 0d49938ef4d77e1efc0de0c639e51ced
      size: 6455254
    - path: models/transfer_model.keras
      hash: md5
      md5: 6875381b0a5f27f6f47a95a0b0d3c44c
      size: 8712672
    - path: src/evaluate.py
      hash: md5
      md5: 13b496b3907bcee842637ea0a006d229
      size: 4421
    outs:
    - path: metrics/metrics.json
      hash: md5
      md5: dbb36c62f6d8f3fbf1636b853817feb5
      size: 494
    - path: metrics/plots/confusion_matrix_cnn.png
      hash: md5
      md5: 42d733fa42e1876a76f861e3eb9f4e27
      size: 63295
    - path: metrics/plots/confusion_matrix_simple_mlp.png
      hash: md5
      md5: a7d29edfc9ace82282df65e536e0bbd7
      size: 65839
    - path: metrics/plots/confusion_matrix_transfer_learning.png
      hash: md5
      md5: 0fc5ecdb3aed92a960dce61cb627c9a4
      size: 66456
